
Microsoft Visual Studio Solution File, Format Version 12.00
# Visual Studio 15
VisualStudioVersion = 15.0.27428.2011
MinimumVisualStudioVersion = 10.0.40219.1
Project("{FAE04EC0-301F-11D3-BF4B-00C04F79EFBC}") = "Is That An Ip Address", "Is That An Ip Address\Is That An Ip Address.csproj", "{D9ADE440-1958-4096-B815-5883371A0690}"
EndProject
Global
	GlobalSection(SolutionConfigurationPlatforms) = preSolution
		Debug|Any CPU = Debug|Any CPU
		Release|Any CPU = Release|Any CPU
	EndGlobalSection
	GlobalSection(ProjectConfigurationPlatforms) = postSolution
		{D9ADE440-1958-4096-B815-5883371A0690}.Debug|Any CPU.ActiveCfg = Debug|Any CPU
		{D9ADE440-1958-4096-B815-5883371A0690}.Debug|Any CPU.Build.0 = Debug|Any CPU
		{D9ADE440-1958-4096-B815-5883371A0690}.Release|Any CPU.ActiveCfg = Release|Any CPU
		{D9ADE440-1958-4096-B815-5883371A0690}.Release|Any CPU.Build.0 = Release|Any CPU
	EndGlobalSection
	GlobalSection(SolutionProperties) = preSolution
		HideSolutionNode = FALSE
	EndGlobalSection
	GlobalSection(ExtensibilityGlobals) = postSolution
		SolutionGuid = {7FD14501-0541-4AB9-A590-60B3C03C4B04}
	EndGlobalSection
EndGlobal
